{
  "name": "scalable-systems",
  "lockfileVersion": 3,
  "requires": true,
  "packages": {
    "": {
      "dependencies": {
        "@solidjs/router": "^0.8.2",
        "solid-bootstrap": "^1.0.13"
      }
    },
    "node_modules/@babel/runtime": {
      "version": "7.21.5",
      "resolved": "https://registry.npmjs.org/@babel/runtime/-/runtime-7.21.5.tgz",
      "integrity": "sha512-8jI69toZqqcsnqGGqwGS4Qb1VwLOEp4hz+CXPywcvjs60u3B4Pom/U/7rm4W8tMOYEB+E9wgD0mW1l3r8qlI9Q==",
      "dependencies": {
        "regenerator-runtime": "^0.13.11"
      },
      "engines": {
        "node": ">=6.9.0"
      }
    },
    "node_modules/@popperjs/core": {
      "version": "2.11.7",
      "resolved": "https://registry.npmjs.org/@popperjs/core/-/core-2.11.7.tgz",
      "integrity": "sha512-Cr4OjIkipTtcXKjAsm8agyleBuDHvxzeBoa1v543lbv1YaIwQjESsVcmjiWiPEbC1FIeHOG/Op9kdCmAmiS3Kw==",
      "funding": {
        "type": "opencollective",
        "url": "https://opencollective.com/popperjs"
      }
    },
    "node_modules/@solidjs/router": {
      "version": "0.8.2",
      "resolved": "https://registry.npmjs.org/@solidjs/router/-/router-0.8.2.tgz",
      "integrity": "sha512-gUKW+LZqxtX6y/Aw6JKyy4gQ9E7dLqp513oB9pSYJR1HM5c56Pf7eijzyXX+b3WuXig18Cxqah4tMtF0YGu80w==",
      "peerDependencies": {
        "solid-js": "^1.5.3"
      }
    },
    "node_modules/csstype": {
      "version": "3.1.2",
      "resolved": "https://registry.npmjs.org/csstype/-/csstype-3.1.2.tgz",
      "integrity": "sha512-I7K1Uu0MBPzaFKg4nI5Q7Vs2t+3gWWW648spaF+Rg7pI9ds18Ugn+lvg4SHczUdKlHI5LWBXyqfS8+DufyBsgQ=="
    },
    "node_modules/dom-helpers": {
      "version": "5.2.1",
      "resolved": "https://registry.npmjs.org/dom-helpers/-/dom-helpers-5.2.1.tgz",
      "integrity": "sha512-nRCa7CK3VTrM2NmGkIy4cbK7IZlgBE/PYMn55rrXefr5xXDP0LdtfPnblFDoVdcAfslJ7or6iqAUnx0CCGIWQA==",
      "dependencies": {
        "@babel/runtime": "^7.8.7",
        "csstype": "^3.0.2"
      }
    },
    "node_modules/regenerator-runtime": {
      "version": "0.13.11",
      "resolved": "https://registry.npmjs.org/regenerator-runtime/-/regenerator-runtime-0.13.11.tgz",
      "integrity": "sha512-kY1AZVr2Ra+t+piVaJ4gxaFaReZVH40AKNo7UCX6W+dEwBo/2oZJzqfuN1qLq1oL45o56cPaTXELwrTh8Fpggg=="
    },
    "node_modules/seroval": {
      "version": "0.5.1",
      "resolved": "https://registry.npmjs.org/seroval/-/seroval-0.5.1.tgz",
      "integrity": "sha512-ZfhQVB59hmIauJG5Ydynupy8KHyr5imGNtdDhbZG68Ufh1Ynkv9KOYOAABf71oVbQxJ8VkWnMHAjEHE7fWkH5g==",
      "peer": true,
      "engines": {
        "node": ">=10"
      }
    },
    "node_modules/solid-bootstrap": {
      "version": "1.0.13",
      "resolved": "https://registry.npmjs.org/solid-bootstrap/-/solid-bootstrap-1.0.13.tgz",
      "integrity": "sha512-jtUESeVpjf0o4VQA7i3I1VeBZM1QpYfPaf0PPtLdh3WuySRa57mVV9z1wAxKSrmSdod9lMogFuAW1DS8rxI2DQ==",
      "dependencies": {
        "dom-helpers": "^5.2.0",
        "solid-bootstrap-core": "^1.0.13",
        "solid-react-transition": "^1.0.11"
      },
      "peerDependencies": {
        "solid-js": ">=1.6.0"
      }
    },
    "node_modules/solid-bootstrap-core": {
      "version": "1.0.13",
      "resolved": "https://registry.npmjs.org/solid-bootstrap-core/-/solid-bootstrap-core-1.0.13.tgz",
      "integrity": "sha512-MFCMRGYTVTa4XYmotawHVzH6HvDK0or1zWzQLfQuXWY2U4bkjvZBQmUWecvQOIStbm9wPXkqz7WbF2okaMmBEQ==",
      "dependencies": {
        "@popperjs/core": "^2.10.1",
        "dom-helpers": "^5.2.0",
        "solid-react-transition": "^1.0.8"
      },
      "peerDependencies": {
        "solid-js": ">=1.6.0"
      }
    },
    "node_modules/solid-js": {
      "version": "1.7.4",
      "resolved": "https://registry.npmjs.org/solid-js/-/solid-js-1.7.4.tgz",
      "integrity": "sha512-hD/bzIpaa7DL/LGRRTLFvejQuxQaoXyH+DBgPputJW7zvFigCewQIoDvbwDR4VHTsa8VsMDPzV8BT0F9OqsS1Q==",
      "peer": true,
      "dependencies": {
        "csstype": "^3.1.0",
        "seroval": "^0.5.0"
      }
    },
    "node_modules/solid-react-transition": {
      "version": "1.0.11",
      "resolved": "https://registry.npmjs.org/solid-react-transition/-/solid-react-transition-1.0.11.tgz",
      "integrity": "sha512-YMT7z6sOupCicDtX19156vbVOm3vCIgjVhPTybR9gLKiIPrDB2NDVqnQk4kpNCDZTOwSjLTOyUQw0xJnXgDg2A==",
      "peerDependencies": {
        "solid-js": ">=1.6.0"
      }
    }
  }
}
